{
  "name": "poi-plugin-rika-misc-utils",
  "version": "0.1.2",
  "lockfileVersion": 3,
  "requires": true,
  "packages": {
    "": {
      "name": "poi-plugin-rika-misc-utils",
      "version": "0.1.2",
      "license": "GPL-3.0-only",
      "engines": {
        "node": ">=18"
      },
      "peerDependencies": {
        "react": ">=18.0.0"
      }
    }
  }
}
